
Microsoft Visual Studio Solution File, Format Version 12.00
# Visual Studio 15
VisualStudioVersion = 15.0.26124.0
MinimumVisualStudioVersion = 15.0.26124.0
Project("{2150E333-8FDC-42A3-9474-1A3956D46DE8}") = "src", "src", "{4C8905F3-E0BA-4DCC-90E5-78C3AE1C52AE}"
EndProject
Project("{FAE04EC0-301F-11D3-BF4B-00C04F79EFBC}") = "FactoryMethod", "src\FactoryMethod\FactoryMethod.csproj", "{D912DDA7-B07C-4A89-A510-83DCDB6E9199}"
EndProject
Project("{2150E333-8FDC-42A3-9474-1A3956D46DE8}") = "tests", "tests", "{703C03A0-467C-4744-A6B8-301930EADE92}"
EndProject
Project("{FAE04EC0-301F-11D3-BF4B-00C04F79EFBC}") = "FactoryMethod.Tests", "tests\FactoryMethod.Tests\FactoryMethod.Tests.csproj", "{0334DD06-76F9-4892-80C4-01FBB79188CB}"
EndProject
Global
	GlobalSection(SolutionConfigurationPlatforms) = preSolution
		Debug|Any CPU = Debug|Any CPU
		Debug|x64 = Debug|x64
		Debug|x86 = Debug|x86
		Release|Any CPU = Release|Any CPU
		Release|x64 = Release|x64
		Release|x86 = Release|x86
	EndGlobalSection
	GlobalSection(SolutionProperties) = preSolution
		HideSolutionNode = FALSE
	EndGlobalSection
	GlobalSection(ProjectConfigurationPlatforms) = postSolution
		{D912DDA7-B07C-4A89-A510-83DCDB6E9199}.Debug|Any CPU.ActiveCfg = Debug|Any CPU
		{D912DDA7-B07C-4A89-A510-83DCDB6E9199}.Debug|Any CPU.Build.0 = Debug|Any CPU
		{D912DDA7-B07C-4A89-A510-83DCDB6E9199}.Debug|x64.ActiveCfg = Debug|x64
		{D912DDA7-B07C-4A89-A510-83DCDB6E9199}.Debug|x64.Build.0 = Debug|x64
		{D912DDA7-B07C-4A89-A510-83DCDB6E9199}.Debug|x86.ActiveCfg = Debug|x86
		{D912DDA7-B07C-4A89-A510-83DCDB6E9199}.Debug|x86.Build.0 = Debug|x86
		{D912DDA7-B07C-4A89-A510-83DCDB6E9199}.Release|Any CPU.ActiveCfg = Release|Any CPU
		{D912DDA7-B07C-4A89-A510-83DCDB6E9199}.Release|Any CPU.Build.0 = Release|Any CPU
		{D912DDA7-B07C-4A89-A510-83DCDB6E9199}.Release|x64.ActiveCfg = Release|x64
		{D912DDA7-B07C-4A89-A510-83DCDB6E9199}.Release|x64.Build.0 = Release|x64
		{D912DDA7-B07C-4A89-A510-83DCDB6E9199}.Release|x86.ActiveCfg = Release|x86
		{D912DDA7-B07C-4A89-A510-83DCDB6E9199}.Release|x86.Build.0 = Release|x86
		{0334DD06-76F9-4892-80C4-01FBB79188CB}.Debug|Any CPU.ActiveCfg = Debug|Any CPU
		{0334DD06-76F9-4892-80C4-01FBB79188CB}.Debug|Any CPU.Build.0 = Debug|Any CPU
		{0334DD06-76F9-4892-80C4-01FBB79188CB}.Debug|x64.ActiveCfg = Debug|x64
		{0334DD06-76F9-4892-80C4-01FBB79188CB}.Debug|x64.Build.0 = Debug|x64
		{0334DD06-76F9-4892-80C4-01FBB79188CB}.Debug|x86.ActiveCfg = Debug|x86
		{0334DD06-76F9-4892-80C4-01FBB79188CB}.Debug|x86.Build.0 = Debug|x86
		{0334DD06-76F9-4892-80C4-01FBB79188CB}.Release|Any CPU.ActiveCfg = Release|Any CPU
		{0334DD06-76F9-4892-80C4-01FBB79188CB}.Release|Any CPU.Build.0 = Release|Any CPU
		{0334DD06-76F9-4892-80C4-01FBB79188CB}.Release|x64.ActiveCfg = Release|x64
		{0334DD06-76F9-4892-80C4-01FBB79188CB}.Release|x64.Build.0 = Release|x64
		{0334DD06-76F9-4892-80C4-01FBB79188CB}.Release|x86.ActiveCfg = Release|x86
		{0334DD06-76F9-4892-80C4-01FBB79188CB}.Release|x86.Build.0 = Release|x86
	EndGlobalSection
	GlobalSection(NestedProjects) = preSolution
		{D912DDA7-B07C-4A89-A510-83DCDB6E9199} = {4C8905F3-E0BA-4DCC-90E5-78C3AE1C52AE}
		{0334DD06-76F9-4892-80C4-01FBB79188CB} = {703C03A0-467C-4744-A6B8-301930EADE92}
	EndGlobalSection
EndGlobal
